
Microsoft Visual Studio Solution File, Format Version 12.00
# Visual Studio Version 16
VisualStudioVersion = 16.0.30711.63
MinimumVisualStudioVersion = 10.0.40219.1
Project("{FAE04EC0-301F-11D3-BF4B-00C04F79EFBC}") = "PayflexTimeCardConverter", "PayflexTimeCardConverter\PayflexTimeCardConverter.csproj", "{7C80554E-BA8D-427B-95CD-CEC68572B429}"
EndProject
Global
	GlobalSection(SolutionConfigurationPlatforms) = preSolution
		Debug|Any CPU = Debug|Any CPU
		Release|Any CPU = Release|Any CPU
	EndGlobalSection
	GlobalSection(ProjectConfigurationPlatforms) = postSolution
		{7C80554E-BA8D-427B-95CD-CEC68572B429}.Debug|Any CPU.ActiveCfg = Debug|Any CPU
		{7C80554E-BA8D-427B-95CD-CEC68572B429}.Debug|Any CPU.Build.0 = Debug|Any CPU
		{7C80554E-BA8D-427B-95CD-CEC68572B429}.Release|Any CPU.ActiveCfg = Release|Any CPU
		{7C80554E-BA8D-427B-95CD-CEC68572B429}.Release|Any CPU.Build.0 = Release|Any CPU
	EndGlobalSection
	GlobalSection(SolutionProperties) = preSolution
		HideSolutionNode = FALSE
	EndGlobalSection
	GlobalSection(ExtensibilityGlobals) = postSolution
		SolutionGuid = {52F8C98D-3703-47F7-9AFB-F08D37F220E7}
	EndGlobalSection
EndGlobal
